// !$*UTF8*$!
{
	archiveVersion = 1;
	classes = {
	};
	objectVersion = 46;
	objects = {

/* Begin PBXBuildFile section */
		8CD47C8CDC9D569C30E6CD61 /* Pods_iAsync_reactiveKitTests.framework in Frameworks */ = {isa = PBXBuildFile; fileRef = B55B3F423E5E26A571E46684 /* Pods_iAsync_reactiveKitTests.framework */; };
		8EE15351813FB621A89077F9 /* Pods_iAsync_reactiveKit.framework in Frameworks */ = {isa = PBXBuildFile; fileRef = DEA5A7392688887AE12B9247 /* Pods_iAsync_reactiveKit.framework */; };
		C35E4C6E1C63C4E400AB0981 /* AppDelegate.swift in Sources */ = {isa = PBXBuildFile; fileRef = C35E4C6D1C63C4E400AB0981 /* AppDelegate.swift */; };
		C35E4C701C63C4E400AB0981 /* ViewController.swift in Sources */ = {isa = PBXBuildFile; fileRef = C35E4C6F1C63C4E400AB0981 /* ViewController.swift */; };
		C35E4C731C63C4E400AB0981 /* Main.storyboard in Resources */ = {isa = PBXBuildFile; fileRef = C35E4C711C63C4E400AB0981 /* Main.storyboard */; };
		C35E4C751C63C4E400AB0981 /* Assets.xcassets in Resources */ = {isa = PBXBuildFile; fileRef = C35E4C741C63C4E400AB0981 /* Assets.xcassets */; };
		C35E4C781C63C4E400AB0981 /* LaunchScreen.storyboard in Resources */ = {isa = PBXBuildFile; fileRef = C35E4C761C63C4E400AB0981 /* LaunchScreen.storyboard */; };
		C35E4C831C63C4E400AB0981 /* iAsync_reactiveKitTests.swift in Sources */ = {isa = PBXBuildFile; fileRef = C35E4C821C63C4E400AB0981 /* iAsync_reactiveKitTests.swift */; };
		C35E4C8E1C63C4E400AB0981 /* iAsync_reactiveKitUITests.swift in Sources */ = {isa = PBXBuildFile; fileRef = C35E4C8D1C63C4E400AB0981 /* iAsync_reactiveKitUITests.swift */; };
		C35E4CE21C63CDD100AB0981 /* iAsync.reactiveKit.podspec in Resources */ = {isa = PBXBuildFile; fileRef = C35E4CE11C63CDD000AB0981 /* iAsync.reactiveKit.podspec */; };
/* End PBXBuildFile section */

/* Begin PBXContainerItemProxy section */
		C35E4C7F1C63C4E400AB0981 /* PBXContainerItemProxy */ = {
			isa = PBXContainerItemProxy;
			containerPortal = C35E4C621C63C4E400AB0981 /* Project object */;
			proxyType = 1;
			remoteGlobalIDString = C35E4C691C63C4E400AB0981;
			remoteInfo = iAsync.reactiveKit;
		};
		C35E4C8A1C63C4E400AB0981 /* PBXContainerItemProxy */ = {
			isa = PBXContainerItemProxy;
			containerPortal = C35E4C621C63C4E400AB0981 /* Project object */;
			proxyType = 1;
			remoteGlobalIDString = C35E4C691C63C4E400AB0981;
			remoteInfo = iAsync.reactiveKit;
		};
/* End PBXContainerItemProxy section */

/* Begin PBXFileReference section */
		182F66E31939F9ABA055B4C8 /* Pods-iAsync.reactiveKit.debug.xcconfig */ = {isa = PBXFileReference; includeInIndex = 1; lastKnownFileType = text.xcconfig; name = "Pods-iAsync.reactiveKit.debug.xcconfig"; path = "Pods/Target Support Files/Pods-iAsync.reactiveKit/Pods-iAsync.reactiveKit.debug.xcconfig"; sourceTree = "<group>"; };
		224D16233D00A7493B4A439B /* Pods-iAsync.reactiveKitTests.debug.xcconfig */ = {isa = PBXFileReference; includeInIndex = 1; lastKnownFileType = text.xcconfig; name = "Pods-iAsync.reactiveKitTests.debug.xcconfig"; path = "Pods/Target Support Files/Pods-iAsync.reactiveKitTests/Pods-iAsync.reactiveKitTests.debug.xcconfig"; sourceTree = "<group>"; };
		B55B3F423E5E26A571E46684 /* Pods_iAsync_reactiveKitTests.framework */ = {isa = PBXFileReference; explicitFileType = wrapper.framework; includeInIndex = 0; path = Pods_iAsync_reactiveKitTests.framework; sourceTree = BUILT_PRODUCTS_DIR; };
		C35E4C6A1C63C4E400AB0981 /* iAsync.reactiveKit.app */ = {isa = PBXFileReference; explicitFileType = wrapper.application; includeInIndex = 0; path = iAsync.reactiveKit.app; sourceTree = BUILT_PRODUCTS_DIR; };
		C35E4C6D1C63C4E400AB0981 /* AppDelegate.swift */ = {isa = PBXFileReference; lastKnownFileType = sourcecode.swift; path = AppDelegate.swift; sourceTree = "<group>"; };
		C35E4C6F1C63C4E400AB0981 /* ViewController.swift */ = {isa = PBXFileReference; lastKnownFileType = sourcecode.swift; path = ViewController.swift; sourceTree = "<group>"; };
		C35E4C721C63C4E400AB0981 /* Base */ = {isa = PBXFileReference; lastKnownFileType = file.storyboard; name = Base; path = Base.lproj/Main.storyboard; sourceTree = "<group>"; };
		C35E4C741C63C4E400AB0981 /* Assets.xcassets */ = {isa = PBXFileReference; lastKnownFileType = folder.assetcatalog; path = Assets.xcassets; sourceTree = "<group>"; };
		C35E4C771C63C4E400AB0981 /* Base */ = {isa = PBXFileReference; lastKnownFileType = file.storyboard; name = Base; path = Base.lproj/LaunchScreen.storyboard; sourceTree = "<group>"; };
		C35E4C791C63C4E400AB0981 /* Info.plist */ = {isa = PBXFileReference; lastKnownFileType = text.plist.xml; path = Info.plist; sourceTree = "<group>"; };
		C35E4C7E1C63C4E400AB0981 /* iAsync.reactiveKitTests.xctest */ = {isa = PBXFileReference; explicitFileType = wrapper.cfbundle; includeInIndex = 0; path = iAsync.reactiveKitTests.xctest; sourceTree = BUILT_PRODUCTS_DIR; };
		C35E4C821C63C4E400AB0981 /* iAsync_reactiveKitTests.swift */ = {isa = PBXFileReference; lastKnownFileType = sourcecode.swift; path = iAsync_reactiveKitTests.swift; sourceTree = "<group>"; };
		C35E4C841C63C4E400AB0981 /* Info.plist */ = {isa = PBXFileReference; lastKnownFileType = text.plist.xml; path = Info.plist; sourceTree = "<group>"; };
		C35E4C891C63C4E400AB0981 /* iAsync.reactiveKitUITests.xctest */ = {isa = PBXFileReference; explicitFileType = wrapper.cfbundle; includeInIndex = 0; path = iAsync.reactiveKitUITests.xctest; sourceTree = BUILT_PRODUCTS_DIR; };
		C35E4C8D1C63C4E400AB0981 /* iAsync_reactiveKitUITests.swift */ = {isa = PBXFileReference; lastKnownFileType = sourcecode.swift; path = iAsync_reactiveKitUITests.swift; sourceTree = "<group>"; };
		C35E4C8F1C63C4E400AB0981 /* Info.plist */ = {isa = PBXFileReference; lastKnownFileType = text.plist.xml; path = Info.plist; sourceTree = "<group>"; };
		C35E4CE11C63CDD000AB0981 /* iAsync.reactiveKit.podspec */ = {isa = PBXFileReference; fileEncoding = 4; lastKnownFileType = text; path = iAsync.reactiveKit.podspec; sourceTree = SOURCE_ROOT; };
		D2F37D2E857CF007244278FB /* Pods-iAsync.reactiveKitTests.release.xcconfig */ = {isa = PBXFileReference; includeInIndex = 1; lastKnownFileType = text.xcconfig; name = "Pods-iAsync.reactiveKitTests.release.xcconfig"; path = "Pods/Target Support Files/Pods-iAsync.reactiveKitTests/Pods-iAsync.reactiveKitTests.release.xcconfig"; sourceTree = "<group>"; };
		DEA5A7392688887AE12B9247 /* Pods_iAsync_reactiveKit.framework */ = {isa = PBXFileReference; explicitFileType = wrapper.framework; includeInIndex = 0; path = Pods_iAsync_reactiveKit.framework; sourceTree = BUILT_PRODUCTS_DIR; };
		E2948855CD3CE612CB7B5444 /* Pods-iAsync.reactiveKit.release.xcconfig */ = {isa = PBXFileReference; includeInIndex = 1; lastKnownFileType = text.xcconfig; name = "Pods-iAsync.reactiveKit.release.xcconfig"; path = "Pods/Target Support Files/Pods-iAsync.reactiveKit/Pods-iAsync.reactiveKit.release.xcconfig"; sourceTree = "<group>"; };
/* End PBXFileReference section */

/* Begin PBXFrameworksBuildPhase section */
		C35E4C671C63C4E400AB0981 /* Frameworks */ = {
			isa = PBXFrameworksBuildPhase;
			buildActionMask = 2147483647;
			files = (
				8EE15351813FB621A89077F9 /* Pods_iAsync_reactiveKit.framework in Frameworks */,
			);
			runOnlyForDeploymentPostprocessing = 0;
		};
		C35E4C7B1C63C4E400AB0981 /* Frameworks */ = {
			isa = PBXFrameworksBuildPhase;
			buildActionMask = 2147483647;
			files = (
				8CD47C8CDC9D569C30E6CD61 /* Pods_iAsync_reactiveKitTests.framework in Frameworks */,
			);
			runOnlyForDeploymentPostprocessing = 0;
		};
		C35E4C861C63C4E400AB0981 /* Frameworks */ = {
			isa = PBXFrameworksBuildPhase;
			buildActionMask = 2147483647;
			files = (
			);
			runOnlyForDeploymentPostprocessing = 0;
		};
/* End PBXFrameworksBuildPhase section */

/* Begin PBXGroup section */
		910B48F63DECCB67470EEBAF /* Pods */ = {
			isa = PBXGroup;
			children = (
				182F66E31939F9ABA055B4C8 /* Pods-iAsync.reactiveKit.debug.xcconfig */,
				E2948855CD3CE612CB7B5444 /* Pods-iAsync.reactiveKit.release.xcconfig */,
				224D16233D00A7493B4A439B /* Pods-iAsync.reactiveKitTests.debug.xcconfig */,
				D2F37D2E857CF007244278FB /* Pods-iAsync.reactiveKitTests.release.xcconfig */,
			);
			name = Pods;
			sourceTree = "<group>";
		};
		C35E4C611C63C4E400AB0981 = {
			isa = PBXGroup;
			children = (
				C35E4C6C1C63C4E400AB0981 /* iAsync.reactiveKit */,
				C35E4C811C63C4E400AB0981 /* iAsync.reactiveKitTests */,
				C35E4C8C1C63C4E400AB0981 /* iAsync.reactiveKitUITests */,
				C35E4C6B1C63C4E400AB0981 /* Products */,
				910B48F63DECCB67470EEBAF /* Pods */,
				C52FCFFEBA0CD9AEDE54E41B /* Frameworks */,
			);
			sourceTree = "<group>";
		};
		C35E4C6B1C63C4E400AB0981 /* Products */ = {
			isa = PBXGroup;
			children = (
				C35E4C6A1C63C4E400AB0981 /* iAsync.reactiveKit.app */,
				C35E4C7E1C63C4E400AB0981 /* iAsync.reactiveKitTests.xctest */,
				C35E4C891C63C4E400AB0981 /* iAsync.reactiveKitUITests.xctest */,
			);
			name = Products;
			sourceTree = "<group>";
		};
		C35E4C6C1C63C4E400AB0981 /* iAsync.reactiveKit */ = {
			isa = PBXGroup;
			children = (
				C35E4CE11C63CDD000AB0981 /* iAsync.reactiveKit.podspec */,
				C35E4C6D1C63C4E400AB0981 /* AppDelegate.swift */,
				C35E4C6F1C63C4E400AB0981 /* ViewController.swift */,
				C35E4C711C63C4E400AB0981 /* Main.storyboard */,
				C35E4C741C63C4E400AB0981 /* Assets.xcassets */,
				C35E4C761C63C4E400AB0981 /* LaunchScreen.storyboard */,
				C35E4C791C63C4E400AB0981 /* Info.plist */,
			);
			path = iAsync.reactiveKit;
			sourceTree = "<group>";
		};
		C35E4C811C63C4E400AB0981 /* iAsync.reactiveKitTests */ = {
			isa = PBXGroup;
			children = (
				C35E4C821C63C4E400AB0981 /* iAsync_reactiveKitTests.swift */,
				C35E4C841C63C4E400AB0981 /* Info.plist */,
			);
			path = iAsync.reactiveKitTests;
			sourceTree = "<group>";
		};
		C35E4C8C1C63C4E400AB0981 /* iAsync.reactiveKitUITests */ = {
			isa = PBXGroup;
			children = (
				C35E4C8D1C63C4E400AB0981 /* iAsync_reactiveKitUITests.swift */,
				C35E4C8F1C63C4E400AB0981 /* Info.plist */,
			);
			path = iAsync.reactiveKitUITests;
			sourceTree = "<group>";
		};
		C52FCFFEBA0CD9AEDE54E41B /* Frameworks */ = {
			isa = PBXGroup;
			children = (
				DEA5A7392688887AE12B9247 /* Pods_iAsync_reactiveKit.framework */,
				B55B3F423E5E26A571E46684 /* Pods_iAsync_reactiveKitTests.framework */,
			);
			name = Frameworks;
			sourceTree = "<group>";
		};
/* End PBXGroup section */

/* Begin PBXNativeTarget section */
		C35E4C691C63C4E400AB0981 /* iAsync.reactiveKit */ = {
			isa = PBXNativeTarget;
			buildConfigurationList = C35E4C921C63C4E400AB0981 /* Build configuration list for PBXNativeTarget "iAsync.reactiveKit" */;
			buildPhases = (
				BCACF2A6207F094801E788FA /* Check Pods Manifest.lock */,
				C35E4C661C63C4E400AB0981 /* Sources */,
				C35E4C671C63C4E400AB0981 /* Frameworks */,
				C35E4C681C63C4E400AB0981 /* Resources */,
				6BD0774D4205E0BF68368977 /* Embed Pods Frameworks */,
				E44D38658834F50ADE2D0992 /* Copy Pods Resources */,
			);
			buildRules = (
			);
			dependencies = (
			);
			name = iAsync.reactiveKit;
			productName = iAsync.reactiveKit;
			productReference = C35E4C6A1C63C4E400AB0981 /* iAsync.reactiveKit.app */;
			productType = "com.apple.product-type.application";
		};
		C35E4C7D1C63C4E400AB0981 /* iAsync.reactiveKitTests */ = {
			isa = PBXNativeTarget;
			buildConfigurationList = C35E4C951C63C4E400AB0981 /* Build configuration list for PBXNativeTarget "iAsync.reactiveKitTests" */;
			buildPhases = (
				DAA66FC8A4F9E3C731A2FA19 /* Check Pods Manifest.lock */,
				C35E4C7A1C63C4E400AB0981 /* Sources */,
				C35E4C7B1C63C4E400AB0981 /* Frameworks */,
				C35E4C7C1C63C4E400AB0981 /* Resources */,
				C702B7B5BF0F0EDC0BC3FAE8 /* Embed Pods Frameworks */,
				83E84374EA4FB6F44EAFBF54 /* Copy Pods Resources */,
			);
			buildRules = (
			);
			dependencies = (
				C35E4C801C63C4E400AB0981 /* PBXTargetDependency */,
			);
			name = iAsync.reactiveKitTests;
			productName = iAsync.reactiveKitTests;
			productReference = C35E4C7E1C63C4E400AB0981 /* iAsync.reactiveKitTests.xctest */;
			productType = "com.apple.product-type.bundle.unit-test";
		};
		C35E4C881C63C4E400AB0981 /* iAsync.reactiveKitUITests */ = {
			isa = PBXNativeTarget;
			buildConfigurationList = C35E4C981C63C4E400AB0981 /* Build configuration list for PBXNativeTarget "iAsync.reactiveKitUITests" */;
			buildPhases = (
				C35E4C851C63C4E400AB0981 /* Sources */,
				C35E4C861C63C4E400AB0981 /* Frameworks */,
				C35E4C871C63C4E400AB0981 /* Resources */,
			);
			buildRules = (
			);
			dependencies = (
				C35E4C8B1C63C4E400AB0981 /* PBXTargetDependency */,
			);
			name = iAsync.reactiveKitUITests;
			productName = iAsync.reactiveKitUITests;
			productReference = C35E4C891C63C4E400AB0981 /* iAsync.reactiveKitUITests.xctest */;
			productType = "com.apple.product-type.bundle.ui-testing";
		};
/* End PBXNativeTarget section */

/* Begin PBXProject section */
		C35E4C621C63C4E400AB0981 /* Project object */ = {
			isa = PBXProject;
			attributes = {
				LastSwiftUpdateCheck = 0720;
				LastUpgradeCheck = 0720;
				ORGANIZATIONNAME = EmbeddedSystems;
				TargetAttributes = {
					C35E4C691C63C4E400AB0981 = {
						CreatedOnToolsVersion = 7.2;
					};
					C35E4C7D1C63C4E400AB0981 = {
						CreatedOnToolsVersion = 7.2;
						TestTargetID = C35E4C691C63C4E400AB0981;
					};
					C35E4C881C63C4E400AB0981 = {
						CreatedOnToolsVersion = 7.2;
						TestTargetID = C35E4C691C63C4E400AB0981;
					};
				};
			};
			buildConfigurationList = C35E4C651C63C4E400AB0981 /* Build configuration list for PBXProject "iAsync.reactiveKit" */;
			compatibilityVersion = "Xcode 3.2";
			developmentRegion = English;
			hasScannedForEncodings = 0;
			knownRegions = (
				en,
				Base,
			);
			mainGroup = C35E4C611C63C4E400AB0981;
			productRefGroup = C35E4C6B1C63C4E400AB0981 /* Products */;
			projectDirPath = "";
			projectRoot = "";
			targets = (
				C35E4C691C63C4E400AB0981 /* iAsync.reactiveKit */,
				C35E4C7D1C63C4E400AB0981 /* iAsync.reactiveKitTests */,
				C35E4C881C63C4E400AB0981 /* iAsync.reactiveKitUITests */,
			);
		};
/* End PBXProject section */

/* Begin PBXResourcesBuildPhase section */
		C35E4C681C63C4E400AB0981 /* Resources */ = {
			isa = PBXResourcesBuildPhase;
			buildActionMask = 2147483647;
			files = (
				C35E4C781C63C4E400AB0981 /* LaunchScreen.storyboard in Resources */,
				C35E4C751C63C4E400AB0981 /* Assets.xcassets in Resources */,
				C35E4CE21C63CDD100AB0981 /* iAsync.reactiveKit.podspec in Resources */,
				C35E4C731C63C4E400AB0981 /* Main.storyboard in Resources */,
			);
			runOnlyForDeploymentPostprocessing = 0;
		};
		C35E4C7C1C63C4E400AB0981 /* Resources */ = {
			isa = PBXResourcesBuildPhase;
			buildActionMask = 2147483647;
			files = (
			);
			runOnlyForDeploymentPostprocessing = 0;
		};
		C35E4C871C63C4E400AB0981 /* Resources */ = {
			isa = PBXResourcesBuildPhase;
			buildActionMask = 2147483647;
			files = (
			);
			runOnlyForDeploymentPostprocessing = 0;
		};
/* End PBXResourcesBuildPhase section */

/* Begin PBXShellScriptBuildPhase section */
		6BD0774D4205E0BF68368977 /* Embed Pods Frameworks */ = {
			isa = PBXShellScriptBuildPhase;
			buildActionMask = 2147483647;
			files = (
			);
			inputPaths = (
			);
			name = "Embed Pods Frameworks";
			outputPaths = (
			);
			runOnlyForDeploymentPostprocessing = 0;
			shellPath = /bin/sh;
			shellScript = "\"${SRCROOT}/Pods/Target Support Files/Pods-iAsync.reactiveKit/Pods-iAsync.reactiveKit-frameworks.sh\"\n";
			showEnvVarsInLog = 0;
		};
		83E84374EA4FB6F44EAFBF54 /* Copy Pods Resources */ = {
			isa = PBXShellScriptBuildPhase;
			buildActionMask = 2147483647;
			files = (
			);
			inputPaths = (
			);
			name = "Copy Pods Resources";
			outputPaths = (
			);
			runOnlyForDeploymentPostprocessing = 0;
			shellPath = /bin/sh;
			shellScript = "\"${SRCROOT}/Pods/Target Support Files/Pods-iAsync.reactiveKitTests/Pods-iAsync.reactiveKitTests-resources.sh\"\n";
			showEnvVarsInLog = 0;
		};
		BCACF2A6207F094801E788FA /* Check Pods Manifest.lock */ = {
			isa = PBXShellScriptBuildPhase;
			buildActionMask = 2147483647;
			files = (
			);
			inputPaths = (
			);
			name = "Check Pods Manifest.lock";
			outputPaths = (
			);
			runOnlyForDeploymentPostprocessing = 0;
			shellPath = /bin/sh;
			shellScript = "diff \"${PODS_ROOT}/../Podfile.lock\" \"${PODS_ROOT}/Manifest.lock\" > /dev/null\nif [[ $? != 0 ]] ; then\n    cat << EOM\nerror: The sandbox is not in sync with the Podfile.lock. Run 'pod install' or update your CocoaPods installation.\nEOM\n    exit 1\nfi\n";
			showEnvVarsInLog = 0;
		};
		C702B7B5BF0F0EDC0BC3FAE8 /* Embed Pods Frameworks */ = {
			isa = PBXShellScriptBuildPhase;
			buildActionMask = 2147483647;
			files = (
			);
			inputPaths = (
			);
			name = "Embed Pods Frameworks";
			outputPaths = (
			);
			runOnlyForDeploymentPostprocessing = 0;
			shellPath = /bin/sh;
			shellScript = "\"${SRCROOT}/Pods/Target Support Files/Pods-iAsync.reactiveKitTests/Pods-iAsync.reactiveKitTests-frameworks.sh\"\n";
			showEnvVarsInLog = 0;
		};
		DAA66FC8A4F9E3C731A2FA19 /* Check Pods Manifest.lock */ = {
			isa = PBXShellScriptBuildPhase;
			buildActionMask = 2147483647;
			files = (
			);
			inputPaths = (
			);
			name = "Check Pods Manifest.lock";
			outputPaths = (
			);
			runOnlyForDeploymentPostprocessing = 0;
			shellPath = /bin/sh;
			shellScript = "diff \"${PODS_ROOT}/../Podfile.lock\" \"${PODS_ROOT}/Manifest.lock\" > /dev/null\nif [[ $? != 0 ]] ; then\n    cat << EOM\nerror: The sandbox is not in sync with the Podfile.lock. Run 'pod install' or update your CocoaPods installation.\nEOM\n    exit 1\nfi\n";
			showEnvVarsInLog = 0;
		};
		E44D38658834F50ADE2D0992 /* Copy Pods Resources */ = {
			isa = PBXShellScriptBuildPhase;
			buildActionMask = 2147483647;
			files = (
			);
			inputPaths = (
			);
			name = "Copy Pods Resources";
			outputPaths = (
			);
			runOnlyForDeploymentPostprocessing = 0;
			shellPath = /bin/sh;
			shellScript = "\"${SRCROOT}/Pods/Target Support Files/Pods-iAsync.reactiveKit/Pods-iAsync.reactiveKit-resources.sh\"\n";
			showEnvVarsInLog = 0;
		};
/* End PBXShellScriptBuildPhase section */

/* Begin PBXSourcesBuildPhase section */
		C35E4C661C63C4E400AB0981 /* Sources */ = {
			isa = PBXSourcesBuildPhase;
			buildActionMask = 2147483647;
			files = (
				C35E4C701C63C4E400AB0981 /* ViewController.swift in Sources */,
				C35E4C6E1C63C4E400AB0981 /* AppDelegate.swift in Sources */,
			);
			runOnlyForDeploymentPostprocessing = 0;
		};
		C35E4C7A1C63C4E400AB0981 /* Sources */ = {
			isa = PBXSourcesBuildPhase;
			buildActionMask = 2147483647;
			files = (
				C35E4C831C63C4E400AB0981 /* iAsync_reactiveKitTests.swift in Sources */,
			);
			runOnlyForDeploymentPostprocessing = 0;
		};
		C35E4C851C63C4E400AB0981 /* Sources */ = {
			isa = PBXSourcesBuildPhase;
			buildActionMask = 2147483647;
			files = (
				C35E4C8E1C63C4E400AB0981 /* iAsync_reactiveKitUITests.swift in Sources */,
			);
			runOnlyForDeploymentPostprocessing = 0;
		};
/* End PBXSourcesBuildPhase section */

/* Begin PBXTargetDependency section */
		C35E4C801C63C4E400AB0981 /* PBXTargetDependency */ = {
			isa = PBXTargetDependency;
			target = C35E4C691C63C4E400AB0981 /* iAsync.reactiveKit */;
			targetProxy = C35E4C7F1C63C4E400AB0981 /* PBXContainerItemProxy */;
		};
		C35E4C8B1C63C4E400AB0981 /* PBXTargetDependency */ = {
			isa = PBXTargetDependency;
			target = C35E4C691C63C4E400AB0981 /* iAsync.reactiveKit */;
			targetProxy = C35E4C8A1C63C4E400AB0981 /* PBXContainerItemProxy */;
		};
/* End PBXTargetDependency section */

/* Begin PBXVariantGroup section */
		C35E4C711C63C4E400AB0981 /* Main.storyboard */ = {
			isa = PBXVariantGroup;
			children = (
				C35E4C721C63C4E400AB0981 /* Base */,
			);
			name = Main.storyboard;
			sourceTree = "<group>";
		};
		C35E4C761C63C4E400AB0981 /* LaunchScreen.storyboard */ = {
			isa = PBXVariantGroup;
			children = (
				C35E4C771C63C4E400AB0981 /* Base */,
			);
			name = LaunchScreen.storyboard;
			sourceTree = "<group>";
		};
/* End PBXVariantGroup section */

/* Begin XCBuildConfiguration section */
		C35E4C901C63C4E400AB0981 /* Debug */ = {
			isa = XCBuildConfiguration;
			buildSettings = {
				ALWAYS_SEARCH_USER_PATHS = NO;
				CLANG_CXX_LANGUAGE_STANDARD = "gnu++0x";
				CLANG_CXX_LIBRARY = "libc++";
				CLANG_ENABLE_MODULES = YES;
				CLANG_ENABLE_OBJC_ARC = YES;
				CLANG_WARN_BOOL_CONVERSION = YES;
				CLANG_WARN_CONSTANT_CONVERSION = YES;
				CLANG_WARN_DIRECT_OBJC_ISA_USAGE = YES_ERROR;
				CLANG_WARN_EMPTY_BODY = YES;
				CLANG_WARN_ENUM_CONVERSION = YES;
				CLANG_WARN_INT_CONVERSION = YES;
				CLANG_WARN_OBJC_ROOT_CLASS = YES_ERROR;
				CLANG_WARN_UNREACHABLE_CODE = YES;
				CLANG_WARN__DUPLICATE_METHOD_MATCH = YES;
				"CODE_SIGN_IDENTITY[sdk=iphoneos*]" = "iPhone Developer";
				COPY_PHASE_STRIP = NO;
				DEBUG_INFORMATION_FORMAT = dwarf;
				ENABLE_STRICT_OBJC_MSGSEND = YES;
				ENABLE_TESTABILITY = YES;
				GCC_C_LANGUAGE_STANDARD = gnu99;
				GCC_DYNAMIC_NO_PIC = NO;
				GCC_NO_COMMON_BLOCKS = YES;
				GCC_OPTIMIZATION_LEVEL = 0;
				GCC_PREPROCESSOR_DEFINITIONS = (
					"DEBUG=1",
					"$(inherited)",
				);
				GCC_WARN_64_TO_32_BIT_CONVERSION = YES;
				GCC_WARN_ABOUT_RETURN_TYPE = YES_ERROR;
				GCC_WARN_UNDECLARED_SELECTOR = YES;
				GCC_WARN_UNINITIALIZED_AUTOS = YES_AGGRESSIVE;
				GCC_WARN_UNUSED_FUNCTION = YES;
				GCC_WARN_UNUSED_VARIABLE = YES;
				IPHONEOS_DEPLOYMENT_TARGET = 9.2;
				MTL_ENABLE_DEBUG_INFO = YES;
				ONLY_ACTIVE_ARCH = YES;
				SDKROOT = iphoneos;
				SWIFT_OPTIMIZATION_LEVEL = "-Onone";
			};
			name = Debug;
		};
		C35E4C911C63C4E400AB0981 /* Release */ = {
			isa = XCBuildConfiguration;
			buildSettings = {
				ALWAYS_SEARCH_USER_PATHS = NO;
				CLANG_CXX_LANGUAGE_STANDARD = "gnu++0x";
				CLANG_CXX_LIBRARY = "libc++";
				CLANG_ENABLE_MODULES = YES;
				CLANG_ENABLE_OBJC_ARC = YES;
				CLANG_WARN_BOOL_CONVERSION = YES;
				CLANG_WARN_CONSTANT_CONVERSION = YES;
				CLANG_WARN_DIRECT_OBJC_ISA_USAGE = YES_ERROR;
				CLANG_WARN_EMPTY_BODY = YES;
				CLANG_WARN_ENUM_CONVERSION = YES;
				CLANG_WARN_INT_CONVERSION = YES;
				CLANG_WARN_OBJC_ROOT_CLASS = YES_ERROR;
				CLANG_WARN_UNREACHABLE_CODE = YES;
				CLANG_WARN__DUPLICATE_METHOD_MATCH = YES;
				"CODE_SIGN_IDENTITY[sdk=iphoneos*]" = "iPhone Developer";
				COPY_PHASE_STRIP = NO;
				DEBUG_INFORMATION_FORMAT = "dwarf-with-dsym";
				ENABLE_NS_ASSERTIONS = NO;
				ENABLE_STRICT_OBJC_MSGSEND = YES;
				GCC_C_LANGUAGE_STANDARD = gnu99;
				GCC_NO_COMMON_BLOCKS = YES;
				GCC_WARN_64_TO_32_BIT_CONVERSION = YES;
				GCC_WARN_ABOUT_RETURN_TYPE = YES_ERROR;
				GCC_WARN_UNDECLARED_SELECTOR = YES;
				GCC_WARN_UNINITIALIZED_AUTOS = YES_AGGRESSIVE;
				GCC_WARN_UNUSED_FUNCTION = YES;
				GCC_WARN_UNUSED_VARIABLE = YES;
				IPHONEOS_DEPLOYMENT_TARGET = 9.2;
				MTL_ENABLE_DEBUG_INFO = NO;
				SDKROOT = iphoneos;
				VALIDATE_PRODUCT = YES;
			};
			name = Release;
		};
		C35E4C931C63C4E400AB0981 /* Debug */ = {
			isa = XCBuildConfiguration;
			baseConfigurationReference = 182F66E31939F9ABA055B4C8 /* Pods-iAsync.reactiveKit.debug.xcconfig */;
			buildSettings = {
				ASSETCATALOG_COMPILER_APPICON_NAME = AppIcon;
				INFOPLIST_FILE = iAsync.reactiveKit/Info.plist;
				LD_RUNPATH_SEARCH_PATHS = "$(inherited) @executable_path/Frameworks";
				PRODUCT_BUNDLE_IDENTIFIER = "com.embeddedSystems.iAsync-reactiveKit";
				PRODUCT_NAME = "$(TARGET_NAME)";
			};
			name = Debug;
		};
		C35E4C941C63C4E400AB0981 /* Release */ = {
			isa = XCBuildConfiguration;
			baseConfigurationReference = E2948855CD3CE612CB7B5444 /* Pods-iAsync.reactiveKit.release.xcconfig */;
			buildSettings = {
				ASSETCATALOG_COMPILER_APPICON_NAME = AppIcon;
				INFOPLIST_FILE = iAsync.reactiveKit/Info.plist;
				LD_RUNPATH_SEARCH_PATHS = "$(inherited) @executable_path/Frameworks";
				PRODUCT_BUNDLE_IDENTIFIER = "com.embeddedSystems.iAsync-reactiveKit";
				PRODUCT_NAME = "$(TARGET_NAME)";
			};
			name = Release;
		};
		C35E4C961C63C4E400AB0981 /* Debug */ = {
			isa = XCBuildConfiguration;
			baseConfigurationReference = 224D16233D00A7493B4A439B /* Pods-iAsync.reactiveKitTests.debug.xcconfig */;
			buildSettings = {
				BUNDLE_LOADER = "$(TEST_HOST)";
				INFOPLIST_FILE = iAsync.reactiveKitTests/Info.plist;
				LD_RUNPATH_SEARCH_PATHS = "$(inherited) @executable_path/Frameworks @loader_path/Frameworks";
				PRODUCT_BUNDLE_IDENTIFIER = "com.embeddedSystems.iAsync-reactiveKitTests";
				PRODUCT_NAME = "$(TARGET_NAME)";
				TEST_HOST = "$(BUILT_PRODUCTS_DIR)/iAsync.reactiveKit.app/iAsync.reactiveKit";
			};
			name = Debug;
		};
		C35E4C971C63C4E400AB0981 /* Release */ = {
			isa = XCBuildConfiguration;
			baseConfigurationReference = D2F37D2E857CF007244278FB /* Pods-iAsync.reactiveKitTests.release.xcconfig */;
			buildSettings = {
				BUNDLE_LOADER = "$(TEST_HOST)";
				INFOPLIST_FILE = iAsync.reactiveKitTests/Info.plist;
				LD_RUNPATH_SEARCH_PATHS = "$(inherited) @executable_path/Frameworks @loader_path/Frameworks";
				PRODUCT_BUNDLE_IDENTIFIER = "com.embeddedSystems.iAsync-reactiveKitTests";
				PRODUCT_NAME = "$(TARGET_NAME)";
				TEST_HOST = "$(BUILT_PRODUCTS_DIR)/iAsync.reactiveKit.app/iAsync.reactiveKit";
			};
			name = Release;
		};
		C35E4C991C63C4E400AB0981 /* Debug */ = {
			isa = XCBuildConfiguration;
			buildSettings = {
				INFOPLIST_FILE = iAsync.reactiveKitUITests/Info.plist;
				LD_RUNPATH_SEARCH_PATHS = "$(inherited) @executable_path/Frameworks @loader_path/Frameworks";
				PRODUCT_BUNDLE_IDENTIFIER = "com.embeddedSystems.iAsync-reactiveKitUITests";
				PRODUCT_NAME = "$(TARGET_NAME)";
				TEST_TARGET_NAME = iAsync.reactiveKit;
				USES_XCTRUNNER = YES;
			};
			name = Debug;
		};
		C35E4C9A1C63C4E400AB0981 /* Release */ = {
			isa = XCBuildConfiguration;
			buildSettings = {
				INFOPLIST_FILE = iAsync.reactiveKitUITests/Info.plist;
				LD_RUNPATH_SEARCH_PATHS = "$(inherited) @executable_path/Frameworks @loader_path/Frameworks";
				PRODUCT_BUNDLE_IDENTIFIER = "com.embeddedSystems.iAsync-reactiveKitUITests";
				PRODUCT_NAME = "$(TARGET_NAME)";
				TEST_TARGET_NAME = iAsync.reactiveKit;
				USES_XCTRUNNER = YES;
			};
			name = Release;
		};
/* End XCBuildConfiguration section */

/* Begin XCConfigurationList section */
		C35E4C651C63C4E400AB0981 /* Build configuration list for PBXProject "iAsync.reactiveKit" */ = {
			isa = XCConfigurationList;
			buildConfigurations = (
				C35E4C901C63C4E400AB0981 /* Debug */,
				C35E4C911C63C4E400AB0981 /* Release */,
			);
			defaultConfigurationIsVisible = 0;
			defaultConfigurationName = Release;
		};
		C35E4C921C63C4E400AB0981 /* Build configuration list for PBXNativeTarget "iAsync.reactiveKit" */ = {
			isa = XCConfigurationList;
			buildConfigurations = (
				C35E4C931C63C4E400AB0981 /* Debug */,
				C35E4C941C63C4E400AB0981 /* Release */,
			);
			defaultConfigurationIsVisible = 0;
			defaultConfigurationName = Release;
		};
		C35E4C951C63C4E400AB0981 /* Build configuration list for PBXNativeTarget "iAsync.reactiveKitTests" */ = {
			isa = XCConfigurationList;
			buildConfigurations = (
				C35E4C961C63C4E400AB0981 /* Debug */,
				C35E4C971C63C4E400AB0981 /* Release */,
			);
			defaultConfigurationIsVisible = 0;
			defaultConfigurationName = Release;
		};
		C35E4C981C63C4E400AB0981 /* Build configuration list for PBXNativeTarget "iAsync.reactiveKitUITests" */ = {
			isa = XCConfigurationList;
			buildConfigurations = (
				C35E4C991C63C4E400AB0981 /* Debug */,
				C35E4C9A1C63C4E400AB0981 /* Release */,
			);
			defaultConfigurationIsVisible = 0;
			defaultConfigurationName = Release;
		};
/* End XCConfigurationList section */
	};
	rootObject = C35E4C621C63C4E400AB0981 /* Project object */;
}
